{
  "nodes": {
    "home-manager": {
      "inputs": {
        "nixpkgs": [
          "nixpkgs"
        ]
      },
      "locked": {
        "lastModified": 1778594112,
        "narHash": "sha256-VA9z90SZviIvOcA4QyatA48FIyqb8mmsmH/EsXXWAG4=",
        "owner": "nix-community",
        "repo": "home-manager",
        "rev": "1768d4e49860b86cb7652ee738de0e6b3050dd40",
        "type": "github"
      },
      "original": {
        "owner": "nix-community",
        "repo": "home-manager",
        "type": "github"
      }
    },
    "nixpkgs": {
      "locked": {
        "lastModified": 1781577229,
        "narHash": "sha256-lrp67w8AulE9Ks53n27I45ADSzbOCn4H+CNW1Ck8B+8=",
        "owner": "nixos",
        "repo": "nixpkgs",
        "rev": "567a49d1913ce81ac6e9582e3553dd90a955875f",
        "type": "github"
      },
      "original": {
        "owner": "nixos",
        "ref": "nixos-unstable",
        "repo": "nixpkgs",
        "type": "github"
      }
    },
    "root": {
      "inputs": {
        "home-manager": "home-manager",
        "nixpkgs": "nixpkgs"
      }
    }
  },
  "root": "root",
  "version": 7
}
